github.com/panjf2000/ants v1.1.0 h1:z1311FxGnwySXwQum1k4ZlHkWs86Xy18il4fuRzQemw=
github.com/panjf2000/ants v1.1.0/go.mod h1:AaACblRPzq35m1g3enqYcxspbbiOJJYaxU2wMpm1cXY=
github.com/streadway/amqp v0.0.0-20190404075320-75d898a42a94 h1:0ngsPmuP6XIjiFRNFYlvKwSr5zff2v+uPHaffZ6/M4k=
github.com/streadway/amqp v0.0.0-20190404075320-75d898a42a94/go.mod h1:AZpEONHx3DKn8O/DFsRAY58/XVQiIPMTMB1SddzLXVw=
gopkg.in/check.v1 v0.0.0-20161208181325-20d25e280405 h1:yhCVgyC4o1eVCa2tZl7eS0r+SDo693bJlVdllGtEeKM=
gopkg.in/check.v1 v0.0.0-20161208181325-20d25e280405/go.mod h1:Co6ibVJAznAaIkqp8huTwlJQCZ016jof/cbN4VW5Yz0=
gopkg.in/yaml.v2 v2.2.2 h1:ZCJp+EgiOT7lHqUV2J862kp8Qj64Jo6az82+3Td9dZw=
gopkg.in/yaml.v2 v2.2.2/go.mod h1:hI93XBmqTisBFMUTm0b8Fm+jr3Dg1NNxqwp+5A1VGuI=
